
Microsoft Visual Studio Solution File, Format Version 12.00
# Visual Studio 2013
VisualStudioVersion = 12.0.40629.0
MinimumVisualStudioVersion = 10.0.40219.1
Project("{FAE04EC0-301F-11D3-BF4B-00C04F79EFBC}") = "SACS.ExampleApp", "SACS.ExampleApp\SACS.ExampleApp.csproj", "{1929263F-EF3B-4414-AA92-4CC5740ABC18}"
EndProject
Project("{FAE04EC0-301F-11D3-BF4B-00C04F79EFBC}") = "SACS.Library", "SACS.Library\SACS.Library.csproj", "{8D7F98DE-162A-4269-BFF3-166A68DC681B}"
EndProject
Global
	GlobalSection(SolutionConfigurationPlatforms) = preSolution
		Debug|Any CPU = Debug|Any CPU
		Release|Any CPU = Release|Any CPU
	EndGlobalSection
	GlobalSection(ProjectConfigurationPlatforms) = postSolution
		{8D7F98DE-162A-4269-BFF3-166A68DC681B}.Debug|Any CPU.ActiveCfg = Debug|Any CPU
		{8D7F98DE-162A-4269-BFF3-166A68DC681B}.Debug|Any CPU.Build.0 = Debug|Any CPU
		{8D7F98DE-162A-4269-BFF3-166A68DC681B}.Release|Any CPU.ActiveCfg = Release|Any CPU
		{8D7F98DE-162A-4269-BFF3-166A68DC681B}.Release|Any CPU.Build.0 = Release|Any CPU
		{1929263F-EF3B-4414-AA92-4CC5740ABC18}.Debug|Any CPU.ActiveCfg = Debug|Any CPU
		{1929263F-EF3B-4414-AA92-4CC5740ABC18}.Debug|Any CPU.Build.0 = Debug|Any CPU
		{1929263F-EF3B-4414-AA92-4CC5740ABC18}.Release|Any CPU.ActiveCfg = Release|Any CPU
		{1929263F-EF3B-4414-AA92-4CC5740ABC18}.Release|Any CPU.Build.0 = Release|Any CPU
	EndGlobalSection
	GlobalSection(SolutionProperties) = preSolution
		HideSolutionNode = FALSE
	EndGlobalSection
EndGlobal
